
Microsoft Visual Studio Solution File, Format Version 12.00
# Visual Studio 2012
Project("{8BC9CEB8-8B4A-11D0-8D11-00A0C91BC942}") = "MNIST", "MNIST\MNIST.vcxproj", "{8CC0A24E-6073-45A2-B735-A1498CF8C94C}"
EndProject
Project("{8BC9CEB8-8B4A-11D0-8D11-00A0C91BC942}") = "DNN", "DNN\DNN.vcxproj", "{301483CD-6BFD-4AA1-9285-535AA139E10E}"
EndProject
Global
	GlobalSection(SolutionConfigurationPlatforms) = preSolution
		Debug|Win32 = Debug|Win32
		Debug|x64 = Debug|x64
		Release|Win32 = Release|Win32
		Release|x64 = Release|x64
	EndGlobalSection
	GlobalSection(ProjectConfigurationPlatforms) = postSolution
		{8CC0A24E-6073-45A2-B735-A1498CF8C94C}.Debug|Win32.ActiveCfg = Debug|Win32
		{8CC0A24E-6073-45A2-B735-A1498CF8C94C}.Debug|Win32.Build.0 = Debug|Win32
		{8CC0A24E-6073-45A2-B735-A1498CF8C94C}.Debug|x64.ActiveCfg = Debug|x64
		{8CC0A24E-6073-45A2-B735-A1498CF8C94C}.Debug|x64.Build.0 = Debug|x64
		{8CC0A24E-6073-45A2-B735-A1498CF8C94C}.Release|Win32.ActiveCfg = Release|Win32
		{8CC0A24E-6073-45A2-B735-A1498CF8C94C}.Release|Win32.Build.0 = Release|Win32
		{8CC0A24E-6073-45A2-B735-A1498CF8C94C}.Release|x64.ActiveCfg = Release|x64
		{8CC0A24E-6073-45A2-B735-A1498CF8C94C}.Release|x64.Build.0 = Release|x64
		{301483CD-6BFD-4AA1-9285-535AA139E10E}.Debug|Win32.ActiveCfg = Debug|Win32
		{301483CD-6BFD-4AA1-9285-535AA139E10E}.Debug|Win32.Build.0 = Debug|Win32
		{301483CD-6BFD-4AA1-9285-535AA139E10E}.Debug|x64.ActiveCfg = Debug|x64
		{301483CD-6BFD-4AA1-9285-535AA139E10E}.Debug|x64.Build.0 = Debug|x64
		{301483CD-6BFD-4AA1-9285-535AA139E10E}.Release|Win32.ActiveCfg = Release|Win32
		{301483CD-6BFD-4AA1-9285-535AA139E10E}.Release|Win32.Build.0 = Release|Win32
		{301483CD-6BFD-4AA1-9285-535AA139E10E}.Release|x64.ActiveCfg = Release|x64
		{301483CD-6BFD-4AA1-9285-535AA139E10E}.Release|x64.Build.0 = Release|x64
	EndGlobalSection
	GlobalSection(SolutionProperties) = preSolution
		HideSolutionNode = FALSE
	EndGlobalSection
EndGlobal
